
Microsoft Visual Studio Solution File, Format Version 12.00
# Visual Studio 15
VisualStudioVersion = 15.0.28010.2026
MinimumVisualStudioVersion = 10.0.40219.1
Project("{FAE04EC0-301F-11D3-BF4B-00C04F79EFBC}") = "Blue-Fish", "Blue-Fish\Blue-Fish.csproj", "{0A841961-97DD-4FD9-ACC9-C0A65DBCC13F}"
EndProject
Global
	GlobalSection(SolutionConfigurationPlatforms) = preSolution
		Debug|Any CPU = Debug|Any CPU
		Release|Any CPU = Release|Any CPU
	EndGlobalSection
	GlobalSection(ProjectConfigurationPlatforms) = postSolution
		{0A841961-97DD-4FD9-ACC9-C0A65DBCC13F}.Debug|Any CPU.ActiveCfg = Debug|Any CPU
		{0A841961-97DD-4FD9-ACC9-C0A65DBCC13F}.Debug|Any CPU.Build.0 = Debug|Any CPU
		{0A841961-97DD-4FD9-ACC9-C0A65DBCC13F}.Release|Any CPU.ActiveCfg = Release|Any CPU
		{0A841961-97DD-4FD9-ACC9-C0A65DBCC13F}.Release|Any CPU.Build.0 = Release|Any CPU
	EndGlobalSection
	GlobalSection(SolutionProperties) = preSolution
		HideSolutionNode = FALSE
	EndGlobalSection
	GlobalSection(ExtensibilityGlobals) = postSolution
		SolutionGuid = {496EAD58-ED8C-47D8-AF2D-AAFF1D310613}
	EndGlobalSection
EndGlobal
